
Microsoft Visual Studio Solution File, Format Version 12.00
# Visual Studio Version 17
VisualStudioVersion = 17.5.002.0
MinimumVisualStudioVersion = 10.0.40219.1
Project("{9A19103F-16F7-4668-BE54-9A1E7A4F7556}") = "LibraryProgram", "LibraryProgram.csproj", "{91F73536-4011-4420-BC2B-62D7ED710B98}"
EndProject
Global
	GlobalSection(SolutionConfigurationPlatforms) = preSolution
		Debug|Any CPU = Debug|Any CPU
		Release|Any CPU = Release|Any CPU
	EndGlobalSection
	GlobalSection(ProjectConfigurationPlatforms) = postSolution
		{91F73536-4011-4420-BC2B-62D7ED710B98}.Debug|Any CPU.ActiveCfg = Debug|Any CPU
		{91F73536-4011-4420-BC2B-62D7ED710B98}.Debug|Any CPU.Build.0 = Debug|Any CPU
		{91F73536-4011-4420-BC2B-62D7ED710B98}.Release|Any CPU.ActiveCfg = Release|Any CPU
		{91F73536-4011-4420-BC2B-62D7ED710B98}.Release|Any CPU.Build.0 = Release|Any CPU
	EndGlobalSection
	GlobalSection(SolutionProperties) = preSolution
		HideSolutionNode = FALSE
	EndGlobalSection
	GlobalSection(ExtensibilityGlobals) = postSolution
		SolutionGuid = {FDD34CA3-D944-41FD-BADD-2E68CD893A92}
	EndGlobalSection
EndGlobal
